
Microsoft Visual Studio Solution File, Format Version 12.00
# Visual Studio 15
VisualStudioVersion = 15.0.26730.15
MinimumVisualStudioVersion = 10.0.40219.1
Project("{FAE04EC0-301F-11D3-BF4B-00C04F79EFBC}") = "ci-docker-test", "ci-docker-test\ci-docker-test.csproj", "{B91202BD-A2A4-4E52-B2C2-F1924DFDFF08}"
EndProject
Global
	GlobalSection(SolutionConfigurationPlatforms) = preSolution
		Debug|Any CPU = Debug|Any CPU
		Release|Any CPU = Release|Any CPU
	EndGlobalSection
	GlobalSection(ProjectConfigurationPlatforms) = postSolution
		{B91202BD-A2A4-4E52-B2C2-F1924DFDFF08}.Debug|Any CPU.ActiveCfg = Debug|Any CPU
		{B91202BD-A2A4-4E52-B2C2-F1924DFDFF08}.Debug|Any CPU.Build.0 = Debug|Any CPU
		{B91202BD-A2A4-4E52-B2C2-F1924DFDFF08}.Release|Any CPU.ActiveCfg = Release|Any CPU
		{B91202BD-A2A4-4E52-B2C2-F1924DFDFF08}.Release|Any CPU.Build.0 = Release|Any CPU
	EndGlobalSection
	GlobalSection(SolutionProperties) = preSolution
		HideSolutionNode = FALSE
	EndGlobalSection
	GlobalSection(ExtensibilityGlobals) = postSolution
		SolutionGuid = {00F93E52-9B50-4248-A80E-D6EC2A7BB15C}
	EndGlobalSection
EndGlobal
